<?xml version="1.0" encoding="UTF-8" standalone="yes" ?>
<CodeBlocks_project_file>
	<FileVersion major="1" minor="6" />
	<Project>
		<Option title="Masteramp" />
		<Option makefile="makefile" />
		<Option pch_mode="2" />
		<Option compiler="gcc" />
		<Build>
			<Target title="Debug">
				<Option output="bin/Debug/Masteramp" prefix_auto="1" extension_auto="1" />
				<Option object_output="obj/Debug/" />
				<Option type="1" />
				<Option compiler="gcc" />
				<Compiler>
					<Add option="-g" />
				</Compiler>
			</Target>
			<Target title="Release">
				<Option output="bin/Release/Masteramp" prefix_auto="1" extension_auto="1" />
				<Option object_output="obj/Release/" />
				<Option type="1" />
				<Option compiler="gcc" />
				<Compiler>
					<Add option="-O2" />
				</Compiler>
				<Linker>
					<Add option="-s" />
				</Linker>
			</Target>
		</Build>
		<Compiler>
			<Add option="-Wall" />
		</Compiler>
		<Unit filename="Config/config.c">
			<Option compilerVar="CC" />
		</Unit>
		<Unit filename="Config/config.h" />
		<Unit filename="Informes/franjas.c">
			<Option compilerVar="CC" />
		</Unit>
		<Unit filename="Informes/franjas.h" />
		<Unit filename="Informes/informes.c">
			<Option compilerVar="CC" />
		</Unit>
		<Unit filename="Informes/informes.h" />
		<Unit filename="Informes/ranking.c">
			<Option compilerVar="CC" />
		</Unit>
		<Unit filename="Informes/ranking.h" />
		<Unit filename="Juego/jugadas.c">
			<Option compilerVar="CC" />
		</Unit>
		<Unit filename="Juego/jugadas.h" />
		<Unit filename="Juego/partida.c">
			<Option compilerVar="CC" />
		</Unit>
		<Unit filename="Juego/partida.h" />
		<Unit filename="Tiempo/tiempos.c">
			<Option compilerVar="CC" />
		</Unit>
		<Unit filename="Tiempo/tiempos.h" />
		<Unit filename="main/mainMaster.c">
			<Option compilerVar="CC" />
		</Unit>
		<Unit filename="main/menus.c">
			<Option compilerVar="CC" />
		</Unit>
		<Unit filename="main/menus.h" />
		<Unit filename="main/varias.c">
			<Option compilerVar="CC" />
		</Unit>
		<Unit filename="main/varias.h" />
		<Extensions>
			<code_completion />
			<envvars />
			<debugger />
			<lib_finder disable_auto="1" />
		</Extensions>
	</Project>
</CodeBlocks_project_file>
